
Microsoft Visual Studio Solution File, Format Version 12.00
# Visual Studio Version 17
VisualStudioVersion = 17.10.35027.167
MinimumVisualStudioVersion = 10.0.40219.1
Project("{FAE04EC0-301F-11D3-BF4B-00C04F79EFBC}") = "Hello", "Hello.csproj", "{AA2F1E0F-63EB-4794-B9B8-5B3FDEFD7403}"
EndProject
Global
	GlobalSection(SolutionConfigurationPlatforms) = preSolution
		Debug|Any CPU = Debug|Any CPU
		Release|Any CPU = Release|Any CPU
	EndGlobalSection
	GlobalSection(ProjectConfigurationPlatforms) = postSolution
		{AA2F1E0F-63EB-4794-B9B8-5B3FDEFD7403}.Debug|Any CPU.ActiveCfg = Debug|Any CPU
		{AA2F1E0F-63EB-4794-B9B8-5B3FDEFD7403}.Debug|Any CPU.Build.0 = Debug|Any CPU
		{AA2F1E0F-63EB-4794-B9B8-5B3FDEFD7403}.Release|Any CPU.ActiveCfg = Release|Any CPU
		{AA2F1E0F-63EB-4794-B9B8-5B3FDEFD7403}.Release|Any CPU.Build.0 = Release|Any CPU
	EndGlobalSection
	GlobalSection(SolutionProperties) = preSolution
		HideSolutionNode = FALSE
	EndGlobalSection
	GlobalSection(ExtensibilityGlobals) = postSolution
		SolutionGuid = {8E0E35CE-F547-474B-8A48-DDA69EB32515}
	EndGlobalSection
EndGlobal
